# This file is autogenerated, do not edit; changes may be undone by the next 'dep ensure'.


[[projects]]
  name = "cloud.google.com/go"
  packages = [".","compute/metadata","firestore","firestore/apiv1","internal/btree","internal/fields","internal/trace","internal/version"]
  revision = "7cfb4662a9aa5a065063c202c577acb0b582498b"
  version = "v0.55.0"

[[projects]]
  name = "github.com/BurntSushi/toml"
  packages = ["."]
  revision = "3012a1dbe2e4bd1391d42b32f0577cb7bbc7f005"
  version = "v0.3.1"

[[projects]]
  branch = "master"
  name = "github.com/golang/groupcache"
  packages = ["lru"]
  revision = "8c9f03a8e57eb486e42badaed3fb287da51807ba"

[[projects]]
  name = "github.com/golang/protobuf"
  packages = ["proto","protoc-gen-go","protoc-gen-go/descriptor","protoc-gen-go/generator","protoc-gen-go/generator/internal/remap","protoc-gen-go/grpc","protoc-gen-go/plugin","ptypes","ptypes/any","ptypes/duration","ptypes/empty","ptypes/struct","ptypes/timestamp","ptypes/wrappers"]
  revision = "84668698ea25b64748563aa20726db66a6b8d299"
  version = "v1.3.5"

[[projects]]
  name = "github.com/google/go-cmp"
  packages = ["cmp","cmp/internal/diff","cmp/internal/flags","cmp/internal/function","cmp/internal/value"]
  revision = "5a6f75716e1203a923a78c9efb94089d857df0f6"
  version = "v0.4.0"

[[projects]]
  name = "github.com/google/subcommands"
  packages = ["."]
  revision = "24aea2b9b9c12400919203843c92ef808c7ad560"
  version = "1.2.0"

[[projects]]
  name = "github.com/google/wire"
  packages = ["cmd/wire","internal/wire"]
  revision = "578b29ef42c1970b9853962dd1c4308fd7eb5387"
  version = "v0.4.0"

[[projects]]
  name = "github.com/googleapis/gax-go"
  packages = ["v2"]
  revision = "bd5b16380fd03dc758d11cef74ba2e3bc8b0e8c2"
  version = "v2.0.5"

[[projects]]
  name = "github.com/gorilla/mux"
  packages = ["."]
  revision = "75dcda0896e109a2a22c9315bca3bb21b87b2ba5"
  version = "v1.7.4"

[[projects]]
  name = "github.com/jstemmer/go-junit-report"
  packages = [".","formatter","parser"]
  revision = "cc1f095d5cc5eca2844f5c5ea7bb37f6b9bf6cac"
  version = "v0.9.1"

[[projects]]
  name = "github.com/pmezard/go-difflib"
  packages = ["difflib"]
  revision = "792786c7400a136282c1664665ae0a8db921c6c2"
  version = "v1.0.0"

[[projects]]
  name = "go.opencensus.io"
  packages = [".","internal","internal/tagencoding","metric/metricdata","metric/metricproducer","plugin/ocgrpc","plugin/ochttp","plugin/ochttp/propagation/b3","resource","stats","stats/internal","stats/view","tag","trace","trace/internal","trace/propagation","trace/tracestate"]
  revision = "d835ff86be02193d324330acdb7d65546b05f814"
  version = "v0.22.3"

[[projects]]
  branch = "master"
  name = "golang.org/x/lint"
  packages = [".","golint"]
  revision = "738671d3881b9731cc63024d5d88cf28db875626"

[[projects]]
  name = "golang.org/x/mod"
  packages = ["module","semver"]
  revision = "ed3ec21bb8e252814c380df79a80f366440ddb2d"
  version = "v0.2.0"

[[projects]]
  branch = "master"
  name = "golang.org/x/net"
  packages = ["context","context/ctxhttp","http/httpguts","http2","http2/hpack","idna","internal/timeseries","trace"]
  revision = "244492dfa37ae2ce87222fd06250a03160745faa"

[[projects]]
  branch = "master"
  name = "golang.org/x/oauth2"
  packages = [".","google","internal","jws","jwt"]
  revision = "bf48bf16ab8d622ce64ec6ce98d2c98f916b6303"

[[projects]]
  branch = "master"
  name = "golang.org/x/sys"
  packages = ["unix"]
  revision = "5766fd39f98ddd8d769ad4aedcee557dd28de90f"

[[projects]]
  name = "golang.org/x/text"
  packages = ["collate","collate/build","internal/colltab","internal/gen","internal/language","internal/language/compact","internal/tag","internal/triegen","internal/ucd","language","secure/bidirule","transform","unicode/bidi","unicode/cldr","unicode/norm","unicode/rangetable"]
  revision = "342b2e1fbaa52c93f31447ad2c6abc048c63e475"
  version = "v0.3.2"

[[projects]]
  branch = "master"
  name = "golang.org/x/tools"
  packages = ["cmd/goimports","go/analysis","go/analysis/passes/inspect","go/ast/astutil","go/ast/inspector","go/buildutil","go/gcexportdata","go/internal/cgo","go/internal/gcimporter","go/internal/packagesdriver","go/loader","go/packages","go/types/objectpath","go/types/typeutil","internal/fastwalk","internal/gocommand","internal/gopathwalk","internal/imports","internal/packagesinternal"]
  revision = "ba25ddc8556632eb7465fa8a7b297d3698b18821"

[[projects]]
  branch = "master"
  name = "golang.org/x/xerrors"
  packages = [".","internal"]
  revision = "9bdfabe68543c54f90421aeb9a60ef8061b5b544"

[[projects]]
  name = "google.golang.org/api"
  packages = ["googleapi","googleapi/transport","internal","internal/third_party/uritemplates","iterator","option","transport","transport/cert","transport/grpc","transport/http","transport/http/internal/propagation"]
  revision = "c24765c18bb761c90df819dcdfdd62f9a7f6fa22"
  version = "v0.20.0"

[[projects]]
  name = "google.golang.org/appengine"
  packages = [".","internal","internal/app_identity","internal/base","internal/datastore","internal/log","internal/modules","internal/remote_api","internal/socket","internal/urlfetch","socket","urlfetch"]
  revision = "971852bfffca25b069c31162ae8f247a3dba083b"
  version = "v1.6.5"

[[projects]]
  branch = "master"
  name = "google.golang.org/genproto"
  packages = ["googleapis/api/annotations","googleapis/firestore/v1","googleapis/rpc/code","googleapis/rpc/status","googleapis/type/latlng"]
  revision = "08878b785e9c1c5903852e4cb9277fce9d1e16d5"

[[projects]]
  name = "google.golang.org/grpc"
  packages = [".","attributes","backoff","balancer","balancer/base","balancer/grpclb","balancer/grpclb/grpc_lb_v1","balancer/roundrobin","binarylog/grpc_binarylog_v1","codes","connectivity","credentials","credentials/alts","credentials/alts/internal","credentials/alts/internal/authinfo","credentials/alts/internal/conn","credentials/alts/internal/handshaker","credentials/alts/internal/handshaker/service","credentials/alts/internal/proto/grpc_gcp","credentials/google","credentials/internal","credentials/oauth","encoding","encoding/proto","grpclog","internal","internal/backoff","internal/balancerload","internal/binarylog","internal/buffer","internal/channelz","internal/envconfig","internal/grpclog","internal/grpcrand","internal/grpcsync","internal/grpcutil","internal/resolver/dns","internal/resolver/passthrough","internal/syscall","internal/transport","keepalive","metadata","naming","peer","resolver","serviceconfig","stats","status","tap"]
  revision = "142182889d38b76209f1d9f1d8e91d7608aff542"
  version = "v1.28.0"

[[projects]]
  name = "honnef.co/go/tools"
  packages = ["arg","cmd/staticcheck","code","config","deprecated","edit","facts","functions","go/types/typeutil","internal/cache","internal/passes/buildir","internal/renameio","internal/robustio","internal/sharedcheck","ir","ir/irutil","lint","lint/lintdsl","lint/lintutil","lint/lintutil/format","loader","pattern","printf","report","simple","staticcheck","stylecheck","unused","version"]
  revision = "508b5eb18ee2f667ce06235ed383647038e2afc5"
  version = "2020.1.3"

[solve-meta]
  analyzer-name = "dep"
  analyzer-version = 1
  inputs-digest = "4de43e1606297364aa9c3d97e7960ab8cab2bbcaeef35b862969d84c7ef195f5"
  solver-name = "gps-cdcl"
  solver-version = 1
